
Microsoft Visual Studio Solution File, Format Version 9.00
# Visual Studio 2005
Project("{8BC9CEB8-8B4A-11D0-8D11-00A0C91BC942}") = "CamFighter", "CamFighter.vcproj", "{EEDB48FF-1411-48BA-AA59-11165C3985A4}"
	ProjectSection(ProjectDependencies) = postProject
		{023C2512-E5BA-46A6-A06B-D10D9CEEEEB4} = {023C2512-E5BA-46A6-A06B-D10D9CEEEEB4}
		{5A3EB13D-9582-4C5A-BC72-1E461F14FD54} = {5A3EB13D-9582-4C5A-BC72-1E461F14FD54}
	EndProjectSection
EndProject
Project("{8BC9CEB8-8B4A-11D0-8D11-00A0C91BC942}") = "lib3ds", "..\Models\lib3ds\lib3ds.vcproj", "{5A3EB13D-9582-4C5A-BC72-1E461F14FD54}"
EndProject
Project("{8BC9CEB8-8B4A-11D0-8D11-00A0C91BC942}") = "libLua", "..\Lua\libLua\libLua.vcproj", "{023C2512-E5BA-46A6-A06B-D10D9CEEEEB4}"
EndProject
Global
	GlobalSection(SolutionConfigurationPlatforms) = preSolution
		Check|Win32 = Check|Win32
		Debug|Win32 = Debug|Win32
		Release|Win32 = Release|Win32
	EndGlobalSection
	GlobalSection(ProjectConfigurationPlatforms) = postSolution
		{EEDB48FF-1411-48BA-AA59-11165C3985A4}.Check|Win32.ActiveCfg = Check|Win32
		{EEDB48FF-1411-48BA-AA59-11165C3985A4}.Check|Win32.Build.0 = Check|Win32
		{EEDB48FF-1411-48BA-AA59-11165C3985A4}.Debug|Win32.ActiveCfg = Debug|Win32
		{EEDB48FF-1411-48BA-AA59-11165C3985A4}.Debug|Win32.Build.0 = Debug|Win32
		{EEDB48FF-1411-48BA-AA59-11165C3985A4}.Release|Win32.ActiveCfg = Release|Win32
		{EEDB48FF-1411-48BA-AA59-11165C3985A4}.Release|Win32.Build.0 = Release|Win32
		{5A3EB13D-9582-4C5A-BC72-1E461F14FD54}.Check|Win32.ActiveCfg = Check|Win32
		{5A3EB13D-9582-4C5A-BC72-1E461F14FD54}.Check|Win32.Build.0 = Check|Win32
		{5A3EB13D-9582-4C5A-BC72-1E461F14FD54}.Debug|Win32.ActiveCfg = Debug|Win32
		{5A3EB13D-9582-4C5A-BC72-1E461F14FD54}.Debug|Win32.Build.0 = Debug|Win32
		{5A3EB13D-9582-4C5A-BC72-1E461F14FD54}.Release|Win32.ActiveCfg = Release|Win32
		{5A3EB13D-9582-4C5A-BC72-1E461F14FD54}.Release|Win32.Build.0 = Release|Win32
		{023C2512-E5BA-46A6-A06B-D10D9CEEEEB4}.Check|Win32.ActiveCfg = Check|Win32
		{023C2512-E5BA-46A6-A06B-D10D9CEEEEB4}.Check|Win32.Build.0 = Check|Win32
		{023C2512-E5BA-46A6-A06B-D10D9CEEEEB4}.Debug|Win32.ActiveCfg = Debug|Win32
		{023C2512-E5BA-46A6-A06B-D10D9CEEEEB4}.Debug|Win32.Build.0 = Debug|Win32
		{023C2512-E5BA-46A6-A06B-D10D9CEEEEB4}.Release|Win32.ActiveCfg = Release|Win32
		{023C2512-E5BA-46A6-A06B-D10D9CEEEEB4}.Release|Win32.Build.0 = Release|Win32
	EndGlobalSection
	GlobalSection(SolutionProperties) = preSolution
		HideSolutionNode = FALSE
	EndGlobalSection
EndGlobal
